
Microsoft Visual Studio Solution File, Format Version 12.00
# Visual Studio Version 17
VisualStudioVersion = 17.3.32922.545
MinimumVisualStudioVersion = 10.0.40219.1
Project("{9A19103F-16F7-4668-BE54-9A1E7A4F7556}") = "WyldTerm_PC", "WyldTerm_PC.csproj", "{22CF18A6-8EB6-441D-ADCA-14D4A4594C14}"
EndProject
Project("{2150E333-8FDC-42A3-9474-1A3956D46DE8}") = "Solution Items", "Solution Items", "{E4B3F449-2128-4329-9C0C-9002C6A602B2}"
EndProject
Global
	GlobalSection(SolutionConfigurationPlatforms) = preSolution
		Debug|Any CPU = Debug|Any CPU
		Release|Any CPU = Release|Any CPU
	EndGlobalSection
	GlobalSection(ProjectConfigurationPlatforms) = postSolution
		{22CF18A6-8EB6-441D-ADCA-14D4A4594C14}.Debug|Any CPU.ActiveCfg = Debug|Any CPU
		{22CF18A6-8EB6-441D-ADCA-14D4A4594C14}.Debug|Any CPU.Build.0 = Debug|Any CPU
		{22CF18A6-8EB6-441D-ADCA-14D4A4594C14}.Release|Any CPU.ActiveCfg = Release|Any CPU
		{22CF18A6-8EB6-441D-ADCA-14D4A4594C14}.Release|Any CPU.Build.0 = Release|Any CPU
	EndGlobalSection
	GlobalSection(SolutionProperties) = preSolution
		HideSolutionNode = FALSE
	EndGlobalSection
	GlobalSection(ExtensibilityGlobals) = postSolution
		SolutionGuid = {1D56D5A5-13FA-42A9-8EA8-E529AFF97155}
	EndGlobalSection
EndGlobal
